
Microsoft Visual Studio Solution File, Format Version 12.00
# Visual Studio Version 16
VisualStudioVersion = 16.0.31205.134
MinimumVisualStudioVersion = 10.0.40219.1
Project("{FAE04EC0-301F-11D3-BF4B-00C04F79EFBC}") = "01. Pipes In Pool", "01. Pipes In Pool\01. Pipes In Pool.csproj", "{8032BA68-B18A-47F5-8ED7-DA9E10F9B397}"
EndProject
Project("{FAE04EC0-301F-11D3-BF4B-00C04F79EFBC}") = "02. Sleepy Tom Cat", "02. Sleepy Tom Cat\02. Sleepy Tom Cat.csproj", "{DFD8D331-C1A7-47C2-8EBB-F7CB1D594244}"
EndProject
Project("{FAE04EC0-301F-11D3-BF4B-00C04F79EFBC}") = "03. Harvest", "03. Harvest\03. Harvest.csproj", "{2A02D567-B96F-48C9-8619-AB984729B779}"
EndProject
Project("{FAE04EC0-301F-11D3-BF4B-00C04F79EFBC}") = "04. Transport Price", "04. Transport Price\04. Transport Price.csproj", "{298FFBC2-3899-4C0E-8E7A-3D3F195A7323}"
EndProject
Project("{FAE04EC0-301F-11D3-BF4B-00C04F79EFBC}") = "05. Pets", "05. Pets\05. Pets.csproj", "{541C6721-DF77-44DC-91CC-CBC9E9993A1E}"
EndProject
Project("{FAE04EC0-301F-11D3-BF4B-00C04F79EFBC}") = "06. Flower Shop", "06. Flower Shop\06. Flower Shop.csproj", "{C3C628B6-65D8-429C-95C8-015F4EA70061}"
EndProject
Project("{FAE04EC0-301F-11D3-BF4B-00C04F79EFBC}") = "07. Fuel Tank", "07. Fuel Tank\07. Fuel Tank.csproj", "{73A1D9FC-5CAD-49E9-A2E5-63AF8FF6725B}"
EndProject
Project("{FAE04EC0-301F-11D3-BF4B-00C04F79EFBC}") = "08. Fuel Tank - Part 2", "08. Fuel Tank - Part 2\08. Fuel Tank - Part 2.csproj", "{E530F835-1568-40E8-A2FE-456CD93DDF77}"
EndProject
Global
	GlobalSection(SolutionConfigurationPlatforms) = preSolution
		Debug|Any CPU = Debug|Any CPU
		Release|Any CPU = Release|Any CPU
	EndGlobalSection
	GlobalSection(ProjectConfigurationPlatforms) = postSolution
		{8032BA68-B18A-47F5-8ED7-DA9E10F9B397}.Debug|Any CPU.ActiveCfg = Debug|Any CPU
		{8032BA68-B18A-47F5-8ED7-DA9E10F9B397}.Debug|Any CPU.Build.0 = Debug|Any CPU
		{8032BA68-B18A-47F5-8ED7-DA9E10F9B397}.Release|Any CPU.ActiveCfg = Release|Any CPU
		{8032BA68-B18A-47F5-8ED7-DA9E10F9B397}.Release|Any CPU.Build.0 = Release|Any CPU
		{DFD8D331-C1A7-47C2-8EBB-F7CB1D594244}.Debug|Any CPU.ActiveCfg = Debug|Any CPU
		{DFD8D331-C1A7-47C2-8EBB-F7CB1D594244}.Debug|Any CPU.Build.0 = Debug|Any CPU
		{DFD8D331-C1A7-47C2-8EBB-F7CB1D594244}.Release|Any CPU.ActiveCfg = Release|Any CPU
		{DFD8D331-C1A7-47C2-8EBB-F7CB1D594244}.Release|Any CPU.Build.0 = Release|Any CPU
		{2A02D567-B96F-48C9-8619-AB984729B779}.Debug|Any CPU.ActiveCfg = Debug|Any CPU
		{2A02D567-B96F-48C9-8619-AB984729B779}.Debug|Any CPU.Build.0 = Debug|Any CPU
		{2A02D567-B96F-48C9-8619-AB984729B779}.Release|Any CPU.ActiveCfg = Release|Any CPU
		{2A02D567-B96F-48C9-8619-AB984729B779}.Release|Any CPU.Build.0 = Release|Any CPU
		{298FFBC2-3899-4C0E-8E7A-3D3F195A7323}.Debug|Any CPU.ActiveCfg = Debug|Any CPU
		{298FFBC2-3899-4C0E-8E7A-3D3F195A7323}.Debug|Any CPU.Build.0 = Debug|Any CPU
		{298FFBC2-3899-4C0E-8E7A-3D3F195A7323}.Release|Any CPU.ActiveCfg = Release|Any CPU
		{298FFBC2-3899-4C0E-8E7A-3D3F195A7323}.Release|Any CPU.Build.0 = Release|Any CPU
		{541C6721-DF77-44DC-91CC-CBC9E9993A1E}.Debug|Any CPU.ActiveCfg = Debug|Any CPU
		{541C6721-DF77-44DC-91CC-CBC9E9993A1E}.Debug|Any CPU.Build.0 = Debug|Any CPU
		{541C6721-DF77-44DC-91CC-CBC9E9993A1E}.Release|Any CPU.ActiveCfg = Release|Any CPU
		{541C6721-DF77-44DC-91CC-CBC9E9993A1E}.Release|Any CPU.Build.0 = Release|Any CPU
		{C3C628B6-65D8-429C-95C8-015F4EA70061}.Debug|Any CPU.ActiveCfg = Debug|Any CPU
		{C3C628B6-65D8-429C-95C8-015F4EA70061}.Debug|Any CPU.Build.0 = Debug|Any CPU
		{C3C628B6-65D8-429C-95C8-015F4EA70061}.Release|Any CPU.ActiveCfg = Release|Any CPU
		{C3C628B6-65D8-429C-95C8-015F4EA70061}.Release|Any CPU.Build.0 = Release|Any CPU
		{73A1D9FC-5CAD-49E9-A2E5-63AF8FF6725B}.Debug|Any CPU.ActiveCfg = Debug|Any CPU
		{73A1D9FC-5CAD-49E9-A2E5-63AF8FF6725B}.Debug|Any CPU.Build.0 = Debug|Any CPU
		{73A1D9FC-5CAD-49E9-A2E5-63AF8FF6725B}.Release|Any CPU.ActiveCfg = Release|Any CPU
		{73A1D9FC-5CAD-49E9-A2E5-63AF8FF6725B}.Release|Any CPU.Build.0 = Release|Any CPU
		{E530F835-1568-40E8-A2FE-456CD93DDF77}.Debug|Any CPU.ActiveCfg = Debug|Any CPU
		{E530F835-1568-40E8-A2FE-456CD93DDF77}.Debug|Any CPU.Build.0 = Debug|Any CPU
		{E530F835-1568-40E8-A2FE-456CD93DDF77}.Release|Any CPU.ActiveCfg = Release|Any CPU
		{E530F835-1568-40E8-A2FE-456CD93DDF77}.Release|Any CPU.Build.0 = Release|Any CPU
	EndGlobalSection
	GlobalSection(SolutionProperties) = preSolution
		HideSolutionNode = FALSE
	EndGlobalSection
	GlobalSection(ExtensibilityGlobals) = postSolution
		SolutionGuid = {44F6DA6E-217D-483E-ABAC-A02084B71EF4}
	EndGlobalSection
EndGlobal
